// !$*UTF8*$!
{
	archiveVersion = 1;
	classes = {
	};
	objectVersion = 50;
	objects = {

/* Begin PBXBuildFile section */
		ADD1404222A8163D00698369 /* AppDelegate.m in Sources */ = {isa = PBXBuildFile; fileRef = ADD1404122A8163D00698369 /* AppDelegate.m */; };
		ADD1404A22A8163E00698369 /* Assets.xcassets in Resources */ = {isa = PBXBuildFile; fileRef = ADD1404922A8163E00698369 /* Assets.xcassets */; };
		ADD1404D22A8163E00698369 /* LaunchScreen.storyboard in Resources */ = {isa = PBXBuildFile; fileRef = ADD1404B22A8163E00698369 /* LaunchScreen.storyboard */; };
		ADD1405022A8163E00698369 /* main.m in Sources */ = {isa = PBXBuildFile; fileRef = ADD1404F22A8163E00698369 /* main.m */; };
		ADD1408D22A816EE00698369 /* SlyceSDK.framework in Frameworks */ = {isa = PBXBuildFile; fileRef = ADD1408822A816DB00698369 /* SlyceSDK.framework */; };
		ADD1408E22A816EE00698369 /* SlyceSDK.framework in Embed Frameworks */ = {isa = PBXBuildFile; fileRef = ADD1408822A816DB00698369 /* SlyceSDK.framework */; settings = {ATTRIBUTES = (CodeSignOnCopy, RemoveHeadersOnCopy, ); }; };
		ADD140A422A8233A00698369 /* TableTableViewController.m in Sources */ = {isa = PBXBuildFile; fileRef = ADD140A322A8233A00698369 /* TableTableViewController.m */; };
		ADD140A722A8254600698369 /* TextViewViewController.m in Sources */ = {isa = PBXBuildFile; fileRef = ADD140A622A8254600698369 /* TextViewViewController.m */; };
		ADD140AA22A82C4B00698369 /* VisualSearchViewController.m in Sources */ = {isa = PBXBuildFile; fileRef = ADD140A922A82C4B00698369 /* VisualSearchViewController.m */; };
		ADD140B022A92B8F00698369 /* ScannerViewController.m in Sources */ = {isa = PBXBuildFile; fileRef = ADD140AF22A92B8F00698369 /* ScannerViewController.m */; };
		ADD140B322A92C7700698369 /* Camera.m in Sources */ = {isa = PBXBuildFile; fileRef = ADD140B222A92C7700698369 /* Camera.m */; };
		ADD140B622A9385800698369 /* TableViewCell.m in Sources */ = {isa = PBXBuildFile; fileRef = ADD140B522A9385800698369 /* TableViewCell.m */; };
/* End PBXBuildFile section */

/* Begin PBXCopyFilesBuildPhase section */
		ADD1408F22A816EE00698369 /* Embed Frameworks */ = {
			isa = PBXCopyFilesBuildPhase;
			buildActionMask = 2147483647;
			dstPath = "";
			dstSubfolderSpec = 10;
			files = (
				ADD1408E22A816EE00698369 /* SlyceSDK.framework in Embed Frameworks */,
			);
			name = "Embed Frameworks";
			runOnlyForDeploymentPostprocessing = 0;
		};
/* End PBXCopyFilesBuildPhase section */

/* Begin PBXFileReference section */
		ADD1403D22A8163D00698369 /* SlyceSDK-Headless-Demo-ObjC.app */ = {isa = PBXFileReference; explicitFileType = wrapper.application; includeInIndex = 0; path = "SlyceSDK-Headless-Demo-ObjC.app"; sourceTree = BUILT_PRODUCTS_DIR; };
		ADD1404022A8163D00698369 /* AppDelegate.h */ = {isa = PBXFileReference; lastKnownFileType = sourcecode.c.h; path = AppDelegate.h; sourceTree = "<group>"; };
		ADD1404122A8163D00698369 /* AppDelegate.m */ = {isa = PBXFileReference; lastKnownFileType = sourcecode.c.objc; path = AppDelegate.m; sourceTree = "<group>"; };
		ADD1404922A8163E00698369 /* Assets.xcassets */ = {isa = PBXFileReference; lastKnownFileType = folder.assetcatalog; path = Assets.xcassets; sourceTree = "<group>"; };
		ADD1404C22A8163E00698369 /* Base */ = {isa = PBXFileReference; lastKnownFileType = file.storyboard; name = Base; path = Base.lproj/LaunchScreen.storyboard; sourceTree = "<group>"; };
		ADD1404E22A8163E00698369 /* Info.plist */ = {isa = PBXFileReference; lastKnownFileType = text.plist.xml; path = Info.plist; sourceTree = "<group>"; };
		ADD1404F22A8163E00698369 /* main.m */ = {isa = PBXFileReference; lastKnownFileType = sourcecode.c.objc; path = main.m; sourceTree = "<group>"; };
		ADD1408822A816DB00698369 /* SlyceSDK.framework */ = {isa = PBXFileReference; lastKnownFileType = wrapper.framework; path = SlyceSDK.framework; sourceTree = "<group>"; };
		ADD140A222A8233A00698369 /* TableTableViewController.h */ = {isa = PBXFileReference; lastKnownFileType = sourcecode.c.h; path = TableTableViewController.h; sourceTree = "<group>"; };
		ADD140A322A8233A00698369 /* TableTableViewController.m */ = {isa = PBXFileReference; lastKnownFileType = sourcecode.c.objc; path = TableTableViewController.m; sourceTree = "<group>"; };
		ADD140A522A8254600698369 /* TextViewViewController.h */ = {isa = PBXFileReference; lastKnownFileType = sourcecode.c.h; path = TextViewViewController.h; sourceTree = "<group>"; };
		ADD140A622A8254600698369 /* TextViewViewController.m */ = {isa = PBXFileReference; lastKnownFileType = sourcecode.c.objc; path = TextViewViewController.m; sourceTree = "<group>"; };
		ADD140A822A82C4B00698369 /* VisualSearchViewController.h */ = {isa = PBXFileReference; lastKnownFileType = sourcecode.c.h; path = VisualSearchViewController.h; sourceTree = "<group>"; };
		ADD140A922A82C4B00698369 /* VisualSearchViewController.m */ = {isa = PBXFileReference; lastKnownFileType = sourcecode.c.objc; path = VisualSearchViewController.m; sourceTree = "<group>"; };
		ADD140AE22A92B8F00698369 /* ScannerViewController.h */ = {isa = PBXFileReference; lastKnownFileType = sourcecode.c.h; path = ScannerViewController.h; sourceTree = "<group>"; };
		ADD140AF22A92B8F00698369 /* ScannerViewController.m */ = {isa = PBXFileReference; lastKnownFileType = sourcecode.c.objc; path = ScannerViewController.m; sourceTree = "<group>"; };
		ADD140B122A92C7700698369 /* Camera.h */ = {isa = PBXFileReference; lastKnownFileType = sourcecode.c.h; path = Camera.h; sourceTree = "<group>"; };
		ADD140B222A92C7700698369 /* Camera.m */ = {isa = PBXFileReference; lastKnownFileType = sourcecode.c.objc; path = Camera.m; sourceTree = "<group>"; };
		ADD140B422A9385800698369 /* TableViewCell.h */ = {isa = PBXFileReference; lastKnownFileType = sourcecode.c.h; path = TableViewCell.h; sourceTree = "<group>"; };
		ADD140B522A9385800698369 /* TableViewCell.m */ = {isa = PBXFileReference; lastKnownFileType = sourcecode.c.objc; path = TableViewCell.m; sourceTree = "<group>"; };
/* End PBXFileReference section */

/* Begin PBXFrameworksBuildPhase section */
		ADD1403A22A8163D00698369 /* Frameworks */ = {
			isa = PBXFrameworksBuildPhase;
			buildActionMask = 2147483647;
			files = (
				ADD1408D22A816EE00698369 /* SlyceSDK.framework in Frameworks */,
			);
			runOnlyForDeploymentPostprocessing = 0;
		};
/* End PBXFrameworksBuildPhase section */

/* Begin PBXGroup section */
		ADD1403422A8163D00698369 = {
			isa = PBXGroup;
			children = (
				ADD1403F22A8163D00698369 /* SlyceSDK-Headless-Demo-ObjC */,
				ADD1408422A816DB00698369 /* Frameworks */,
				ADD1403E22A8163D00698369 /* Products */,
			);
			sourceTree = "<group>";
		};
		ADD1403E22A8163D00698369 /* Products */ = {
			isa = PBXGroup;
			children = (
				ADD1403D22A8163D00698369 /* SlyceSDK-Headless-Demo-ObjC.app */,
			);
			name = Products;
			sourceTree = "<group>";
		};
		ADD1403F22A8163D00698369 /* SlyceSDK-Headless-Demo-ObjC */ = {
			isa = PBXGroup;
			children = (
				ADD1404022A8163D00698369 /* AppDelegate.h */,
				ADD1404122A8163D00698369 /* AppDelegate.m */,
				ADD1404922A8163E00698369 /* Assets.xcassets */,
				ADD1404B22A8163E00698369 /* LaunchScreen.storyboard */,
				ADD1404E22A8163E00698369 /* Info.plist */,
				ADD1404F22A8163E00698369 /* main.m */,
				ADD140A222A8233A00698369 /* TableTableViewController.h */,
				ADD140A322A8233A00698369 /* TableTableViewController.m */,
				ADD140A522A8254600698369 /* TextViewViewController.h */,
				ADD140A622A8254600698369 /* TextViewViewController.m */,
				ADD140A822A82C4B00698369 /* VisualSearchViewController.h */,
				ADD140A922A82C4B00698369 /* VisualSearchViewController.m */,
				ADD140AE22A92B8F00698369 /* ScannerViewController.h */,
				ADD140AF22A92B8F00698369 /* ScannerViewController.m */,
				ADD140B122A92C7700698369 /* Camera.h */,
				ADD140B222A92C7700698369 /* Camera.m */,
				ADD140B422A9385800698369 /* TableViewCell.h */,
				ADD140B522A9385800698369 /* TableViewCell.m */,
			);
			path = "SlyceSDK-Headless-Demo-ObjC";
			sourceTree = "<group>";
		};
		ADD1408422A816DB00698369 /* Frameworks */ = {
			isa = PBXGroup;
			children = (
				ADD1408822A816DB00698369 /* SlyceSDK.framework */,
			);
			name = Frameworks;
			path = ../../Swift/Frameworks;
			sourceTree = "<group>";
		};
/* End PBXGroup section */

/* Begin PBXNativeTarget section */
		ADD1403C22A8163D00698369 /* SlyceSDK-Headless-Demo-ObjC */ = {
			isa = PBXNativeTarget;
			buildConfigurationList = ADD1405322A8163E00698369 /* Build configuration list for PBXNativeTarget "SlyceSDK-Headless-Demo-ObjC" */;
			buildPhases = (
				ADD1403922A8163D00698369 /* Sources */,
				ADD1403A22A8163D00698369 /* Frameworks */,
				ADD1403B22A8163D00698369 /* Resources */,
				ADD1408F22A816EE00698369 /* Embed Frameworks */,
			);
			buildRules = (
			);
			dependencies = (
			);
			name = "SlyceSDK-Headless-Demo-ObjC";
			productName = "SlyceSDK-Headless-Demo-ObjC";
			productReference = ADD1403D22A8163D00698369 /* SlyceSDK-Headless-Demo-ObjC.app */;
			productType = "com.apple.product-type.application";
		};
/* End PBXNativeTarget section */

/* Begin PBXProject section */
		ADD1403522A8163D00698369 /* Project object */ = {
			isa = PBXProject;
			attributes = {
				LastUpgradeCheck = 1020;
				ORGANIZATIONNAME = "Slyce Inc";
				TargetAttributes = {
					ADD1403C22A8163D00698369 = {
						CreatedOnToolsVersion = 10.2.1;
					};
				};
			};
			buildConfigurationList = ADD1403822A8163D00698369 /* Build configuration list for PBXProject "SlyceSDK-Headless-Demo-ObjC" */;
			compatibilityVersion = "Xcode 9.3";
			developmentRegion = en;
			hasScannedForEncodings = 0;
			knownRegions = (
				en,
				Base,
			);
			mainGroup = ADD1403422A8163D00698369;
			productRefGroup = ADD1403E22A8163D00698369 /* Products */;
			projectDirPath = "";
			projectRoot = "";
			targets = (
				ADD1403C22A8163D00698369 /* SlyceSDK-Headless-Demo-ObjC */,
			);
		};
/* End PBXProject section */

/* Begin PBXResourcesBuildPhase section */
		ADD1403B22A8163D00698369 /* Resources */ = {
			isa = PBXResourcesBuildPhase;
			buildActionMask = 2147483647;
			files = (
				ADD1404D22A8163E00698369 /* LaunchScreen.storyboard in Resources */,
				ADD1404A22A8163E00698369 /* Assets.xcassets in Resources */,
			);
			runOnlyForDeploymentPostprocessing = 0;
		};
/* End PBXResourcesBuildPhase section */

/* Begin PBXSourcesBuildPhase section */
		ADD1403922A8163D00698369 /* Sources */ = {
			isa = PBXSourcesBuildPhase;
			buildActionMask = 2147483647;
			files = (
				ADD140A722A8254600698369 /* TextViewViewController.m in Sources */,
				ADD140A422A8233A00698369 /* TableTableViewController.m in Sources */,
				ADD140B022A92B8F00698369 /* ScannerViewController.m in Sources */,
				ADD140AA22A82C4B00698369 /* VisualSearchViewController.m in Sources */,
				ADD140B622A9385800698369 /* TableViewCell.m in Sources */,
				ADD140B322A92C7700698369 /* Camera.m in Sources */,
				ADD1405022A8163E00698369 /* main.m in Sources */,
				ADD1404222A8163D00698369 /* AppDelegate.m in Sources */,
			);
			runOnlyForDeploymentPostprocessing = 0;
		};
/* End PBXSourcesBuildPhase section */

/* Begin PBXVariantGroup section */
		ADD1404B22A8163E00698369 /* LaunchScreen.storyboard */ = {
			isa = PBXVariantGroup;
			children = (
				ADD1404C22A8163E00698369 /* Base */,
			);
			name = LaunchScreen.storyboard;
			sourceTree = "<group>";
		};
/* End PBXVariantGroup section */

/* Begin XCBuildConfiguration section */
		ADD1405122A8163E00698369 /* Debug */ = {
			isa = XCBuildConfiguration;
			buildSettings = {
				ALWAYS_SEARCH_USER_PATHS = NO;
				CLANG_ANALYZER_NONNULL = YES;
				CLANG_ANALYZER_NUMBER_OBJECT_CONVERSION = YES_AGGRESSIVE;
				CLANG_CXX_LANGUAGE_STANDARD = "gnu++14";
				CLANG_CXX_LIBRARY = "libc++";
				CLANG_ENABLE_MODULES = YES;
				CLANG_ENABLE_OBJC_ARC = YES;
				CLANG_ENABLE_OBJC_WEAK = YES;
				CLANG_WARN_BLOCK_CAPTURE_AUTORELEASING = YES;
				CLANG_WARN_BOOL_CONVERSION = YES;
				CLANG_WARN_COMMA = YES;
				CLANG_WARN_CONSTANT_CONVERSION = YES;
				CLANG_WARN_DEPRECATED_OBJC_IMPLEMENTATIONS = YES;
				CLANG_WARN_DIRECT_OBJC_ISA_USAGE = YES_ERROR;
				CLANG_WARN_DOCUMENTATION_COMMENTS = YES;
				CLANG_WARN_EMPTY_BODY = YES;
				CLANG_WARN_ENUM_CONVERSION = YES;
				CLANG_WARN_INFINITE_RECURSION = YES;
				CLANG_WARN_INT_CONVERSION = YES;
				CLANG_WARN_NON_LITERAL_NULL_CONVERSION = YES;
				CLANG_WARN_OBJC_IMPLICIT_RETAIN_SELF = YES;
				CLANG_WARN_OBJC_LITERAL_CONVERSION = YES;
				CLANG_WARN_OBJC_ROOT_CLASS = YES_ERROR;
				CLANG_WARN_RANGE_LOOP_ANALYSIS = YES;
				CLANG_WARN_STRICT_PROTOTYPES = YES;
				CLANG_WARN_SUSPICIOUS_MOVE = YES;
				CLANG_WARN_UNGUARDED_AVAILABILITY = YES_AGGRESSIVE;
				CLANG_WARN_UNREACHABLE_CODE = YES;
				CLANG_WARN__DUPLICATE_METHOD_MATCH = YES;
				CODE_SIGN_IDENTITY = "iPhone Developer";
				COPY_PHASE_STRIP = NO;
				DEBUG_INFORMATION_FORMAT = dwarf;
				ENABLE_STRICT_OBJC_MSGSEND = YES;
				ENABLE_TESTABILITY = YES;
				GCC_C_LANGUAGE_STANDARD = gnu11;
				GCC_DYNAMIC_NO_PIC = NO;
				GCC_NO_COMMON_BLOCKS = YES;
				GCC_OPTIMIZATION_LEVEL = 0;
				GCC_PREPROCESSOR_DEFINITIONS = (
					"DEBUG=1",
					"$(inherited)",
				);
				GCC_WARN_64_TO_32_BIT_CONVERSION = YES;
				GCC_WARN_ABOUT_RETURN_TYPE = YES_ERROR;
				GCC_WARN_UNDECLARED_SELECTOR = YES;
				GCC_WARN_UNINITIALIZED_AUTOS = YES_AGGRESSIVE;
				GCC_WARN_UNUSED_FUNCTION = YES;
				GCC_WARN_UNUSED_VARIABLE = YES;
				IPHONEOS_DEPLOYMENT_TARGET = 12.2;
				MTL_ENABLE_DEBUG_INFO = INCLUDE_SOURCE;
				MTL_FAST_MATH = YES;
				ONLY_ACTIVE_ARCH = YES;
				SDKROOT = iphoneos;
			};
			name = Debug;
		};
		ADD1405222A8163E00698369 /* Release */ = {
			isa = XCBuildConfiguration;
			buildSettings = {
				ALWAYS_SEARCH_USER_PATHS = NO;
				CLANG_ANALYZER_NONNULL = YES;
				CLANG_ANALYZER_NUMBER_OBJECT_CONVERSION = YES_AGGRESSIVE;
				CLANG_CXX_LANGUAGE_STANDARD = "gnu++14";
				CLANG_CXX_LIBRARY = "libc++";
				CLANG_ENABLE_MODULES = YES;
				CLANG_ENABLE_OBJC_ARC = YES;
				CLANG_ENABLE_OBJC_WEAK = YES;
				CLANG_WARN_BLOCK_CAPTURE_AUTORELEASING = YES;
				CLANG_WARN_BOOL_CONVERSION = YES;
				CLANG_WARN_COMMA = YES;
				CLANG_WARN_CONSTANT_CONVERSION = YES;
				CLANG_WARN_DEPRECATED_OBJC_IMPLEMENTATIONS = YES;
				CLANG_WARN_DIRECT_OBJC_ISA_USAGE = YES_ERROR;
				CLANG_WARN_DOCUMENTATION_COMMENTS = YES;
				CLANG_WARN_EMPTY_BODY = YES;
				CLANG_WARN_ENUM_CONVERSION = YES;
				CLANG_WARN_INFINITE_RECURSION = YES;
				CLANG_WARN_INT_CONVERSION = YES;
				CLANG_WARN_NON_LITERAL_NULL_CONVERSION = YES;
				CLANG_WARN_OBJC_IMPLICIT_RETAIN_SELF = YES;
				CLANG_WARN_OBJC_LITERAL_CONVERSION = YES;
				CLANG_WARN_OBJC_ROOT_CLASS = YES_ERROR;
				CLANG_WARN_RANGE_LOOP_ANALYSIS = YES;
				CLANG_WARN_STRICT_PROTOTYPES = YES;
				CLANG_WARN_SUSPICIOUS_MOVE = YES;
				CLANG_WARN_UNGUARDED_AVAILABILITY = YES_AGGRESSIVE;
				CLANG_WARN_UNREACHABLE_CODE = YES;
				CLANG_WARN__DUPLICATE_METHOD_MATCH = YES;
				CODE_SIGN_IDENTITY = "iPhone Developer";
				COPY_PHASE_STRIP = NO;
				DEBUG_INFORMATION_FORMAT = "dwarf-with-dsym";
				ENABLE_NS_ASSERTIONS = NO;
				ENABLE_STRICT_OBJC_MSGSEND = YES;
				GCC_C_LANGUAGE_STANDARD = gnu11;
				GCC_NO_COMMON_BLOCKS = YES;
				GCC_WARN_64_TO_32_BIT_CONVERSION = YES;
				GCC_WARN_ABOUT_RETURN_TYPE = YES_ERROR;
				GCC_WARN_UNDECLARED_SELECTOR = YES;
				GCC_WARN_UNINITIALIZED_AUTOS = YES_AGGRESSIVE;
				GCC_WARN_UNUSED_FUNCTION = YES;
				GCC_WARN_UNUSED_VARIABLE = YES;
				IPHONEOS_DEPLOYMENT_TARGET = 12.2;
				MTL_ENABLE_DEBUG_INFO = NO;
				MTL_FAST_MATH = YES;
				SDKROOT = iphoneos;
				VALIDATE_PRODUCT = YES;
			};
			name = Release;
		};
		ADD1405422A8163E00698369 /* Debug */ = {
			isa = XCBuildConfiguration;
			buildSettings = {
				ASSETCATALOG_COMPILER_APPICON_NAME = AppIcon;
				CODE_SIGN_STYLE = Automatic;
				FRAMEWORK_SEARCH_PATHS = "$(PROJECT_DIR)/../Frameworks";
				INFOPLIST_FILE = "SlyceSDK-Headless-Demo-ObjC/Info.plist";
				LD_RUNPATH_SEARCH_PATHS = (
					"$(inherited)",
					"@executable_path/Frameworks",
				);
				PRODUCT_BUNDLE_IDENTIFIER = "it.slyce.SlyceSDK-Headless-Demo-ObjC";
				PRODUCT_NAME = "$(TARGET_NAME)";
				TARGETED_DEVICE_FAMILY = "1,2";
			};
			name = Debug;
		};
		ADD1405522A8163E00698369 /* Release */ = {
			isa = XCBuildConfiguration;
			buildSettings = {
				ASSETCATALOG_COMPILER_APPICON_NAME = AppIcon;
				CODE_SIGN_STYLE = Automatic;
				FRAMEWORK_SEARCH_PATHS = "$(PROJECT_DIR)/../Frameworks";
				INFOPLIST_FILE = "SlyceSDK-Headless-Demo-ObjC/Info.plist";
				LD_RUNPATH_SEARCH_PATHS = (
					"$(inherited)",
					"@executable_path/Frameworks",
				);
				PRODUCT_BUNDLE_IDENTIFIER = "it.slyce.SlyceSDK-Headless-Demo-ObjC";
				PRODUCT_NAME = "$(TARGET_NAME)";
				TARGETED_DEVICE_FAMILY = "1,2";
			};
			name = Release;
		};
/* End XCBuildConfiguration section */

/* Begin XCConfigurationList section */
		ADD1403822A8163D00698369 /* Build configuration list for PBXProject "SlyceSDK-Headless-Demo-ObjC" */ = {
			isa = XCConfigurationList;
			buildConfigurations = (
				ADD1405122A8163E00698369 /* Debug */,
				ADD1405222A8163E00698369 /* Release */,
			);
			defaultConfigurationIsVisible = 0;
			defaultConfigurationName = Release;
		};
		ADD1405322A8163E00698369 /* Build configuration list for PBXNativeTarget "SlyceSDK-Headless-Demo-ObjC" */ = {
			isa = XCConfigurationList;
			buildConfigurations = (
				ADD1405422A8163E00698369 /* Debug */,
				ADD1405522A8163E00698369 /* Release */,
			);
			defaultConfigurationIsVisible = 0;
			defaultConfigurationName = Release;
		};
/* End XCConfigurationList section */
	};
	rootObject = ADD1403522A8163D00698369 /* Project object */;
}
