// !$*UTF8*$!
{
	archiveVersion = 1;
	classes = {
	};
	objectVersion = 50;
	objects = {

/* Begin PBXBuildFile section */
		23B0ACEB20B8A36100C5346C /* SlyceSDK.framework in Frameworks */ = {isa = PBXBuildFile; fileRef = 23B0ACEA20B8A36100C5346C /* SlyceSDK.framework */; };
		23B0ACEC20B8A36100C5346C /* SlyceSDK.framework in Embed Frameworks */ = {isa = PBXBuildFile; fileRef = 23B0ACEA20B8A36100C5346C /* SlyceSDK.framework */; settings = {ATTRIBUTES = (CodeSignOnCopy, RemoveHeadersOnCopy, ); }; };
		B357A78920E6771200A844C0 /* Localizable.strings in Resources */ = {isa = PBXBuildFile; fileRef = B357A78820E6771200A844C0 /* Localizable.strings */; };
		B389A4C0209A0167003C0911 /* AppDelegate.swift in Sources */ = {isa = PBXBuildFile; fileRef = B389A4BF209A0167003C0911 /* AppDelegate.swift */; };
		B389A4C2209A0167003C0911 /* ViewController.swift in Sources */ = {isa = PBXBuildFile; fileRef = B389A4C1209A0167003C0911 /* ViewController.swift */; };
		B389A4C5209A0167003C0911 /* Main.storyboard in Resources */ = {isa = PBXBuildFile; fileRef = B389A4C3209A0167003C0911 /* Main.storyboard */; };
		B389A4C7209A0169003C0911 /* Assets.xcassets in Resources */ = {isa = PBXBuildFile; fileRef = B389A4C6209A0169003C0911 /* Assets.xcassets */; };
		B389A4CA209A0169003C0911 /* LaunchScreen.storyboard in Resources */ = {isa = PBXBuildFile; fileRef = B389A4C8209A0169003C0911 /* LaunchScreen.storyboard */; };
		B39449A52109FD2F00603B97 /* SearchDetailViewController.swift in Sources */ = {isa = PBXBuildFile; fileRef = B39449A32109FD2F00603B97 /* SearchDetailViewController.swift */; };
		B39449A62109FD2F00603B97 /* SearchDetailViewController.xib in Resources */ = {isa = PBXBuildFile; fileRef = B39449A42109FD2F00603B97 /* SearchDetailViewController.xib */; };
/* End PBXBuildFile section */

/* Begin PBXCopyFilesBuildPhase section */
		23B0ACED20B8A36100C5346C /* Embed Frameworks */ = {
			isa = PBXCopyFilesBuildPhase;
			buildActionMask = 2147483647;
			dstPath = "";
			dstSubfolderSpec = 10;
			files = (
				23B0ACEC20B8A36100C5346C /* SlyceSDK.framework in Embed Frameworks */,
			);
			name = "Embed Frameworks";
			runOnlyForDeploymentPostprocessing = 0;
		};
/* End PBXCopyFilesBuildPhase section */

/* Begin PBXFileReference section */
		23B0ACEA20B8A36100C5346C /* SlyceSDK.framework */ = {isa = PBXFileReference; lastKnownFileType = wrapper.framework; name = SlyceSDK.framework; path = ../../SlyceSDK/SlyceSDK.framework; sourceTree = "<group>"; };
		B357A78820E6771200A844C0 /* Localizable.strings */ = {isa = PBXFileReference; fileEncoding = 4; lastKnownFileType = text.plist.strings; path = Localizable.strings; sourceTree = "<group>"; };
		B389A4BC209A0167003C0911 /* SlyceSDK-FullUI-Demo-Swift.app */ = {isa = PBXFileReference; explicitFileType = wrapper.application; includeInIndex = 0; path = "SlyceSDK-FullUI-Demo-Swift.app"; sourceTree = BUILT_PRODUCTS_DIR; };
		B389A4BF209A0167003C0911 /* AppDelegate.swift */ = {isa = PBXFileReference; lastKnownFileType = sourcecode.swift; path = AppDelegate.swift; sourceTree = "<group>"; };
		B389A4C1209A0167003C0911 /* ViewController.swift */ = {isa = PBXFileReference; lastKnownFileType = sourcecode.swift; path = ViewController.swift; sourceTree = "<group>"; };
		B389A4C4209A0167003C0911 /* Base */ = {isa = PBXFileReference; lastKnownFileType = file.storyboard; name = Base; path = Base.lproj/Main.storyboard; sourceTree = "<group>"; };
		B389A4C6209A0169003C0911 /* Assets.xcassets */ = {isa = PBXFileReference; lastKnownFileType = folder.assetcatalog; path = Assets.xcassets; sourceTree = "<group>"; };
		B389A4C9209A0169003C0911 /* Base */ = {isa = PBXFileReference; lastKnownFileType = file.storyboard; name = Base; path = Base.lproj/LaunchScreen.storyboard; sourceTree = "<group>"; };
		B389A4CB209A0169003C0911 /* Info.plist */ = {isa = PBXFileReference; lastKnownFileType = text.plist.xml; path = Info.plist; sourceTree = "<group>"; };
		B39449A32109FD2F00603B97 /* SearchDetailViewController.swift */ = {isa = PBXFileReference; lastKnownFileType = sourcecode.swift; path = SearchDetailViewController.swift; sourceTree = "<group>"; };
		B39449A42109FD2F00603B97 /* SearchDetailViewController.xib */ = {isa = PBXFileReference; lastKnownFileType = file.xib; path = SearchDetailViewController.xib; sourceTree = "<group>"; };
/* End PBXFileReference section */

/* Begin PBXFrameworksBuildPhase section */
		B389A4B9209A0167003C0911 /* Frameworks */ = {
			isa = PBXFrameworksBuildPhase;
			buildActionMask = 2147483647;
			files = (
				23B0ACEB20B8A36100C5346C /* SlyceSDK.framework in Frameworks */,
			);
			runOnlyForDeploymentPostprocessing = 0;
		};
/* End PBXFrameworksBuildPhase section */

/* Begin PBXGroup section */
		B30676AF209A01CB006DAE16 /* Frameworks */ = {
			isa = PBXGroup;
			children = (
				23B0ACEA20B8A36100C5346C /* SlyceSDK.framework */,
			);
			name = Frameworks;
			sourceTree = "<group>";
		};
		B377736120A48E4F00540F7C /* SearchDetail */ = {
			isa = PBXGroup;
			children = (
				B39449A32109FD2F00603B97 /* SearchDetailViewController.swift */,
				B39449A42109FD2F00603B97 /* SearchDetailViewController.xib */,
			);
			path = SearchDetail;
			sourceTree = "<group>";
		};
		B389A4B3209A0167003C0911 = {
			isa = PBXGroup;
			children = (
				B389A4BE209A0167003C0911 /* SlyceSDK-FullUI-Demo-Swift */,
				B30676AF209A01CB006DAE16 /* Frameworks */,
				B389A4BD209A0167003C0911 /* Products */,
			);
			sourceTree = "<group>";
		};
		B389A4BD209A0167003C0911 /* Products */ = {
			isa = PBXGroup;
			children = (
				B389A4BC209A0167003C0911 /* SlyceSDK-FullUI-Demo-Swift.app */,
			);
			name = Products;
			sourceTree = "<group>";
		};
		B389A4BE209A0167003C0911 /* SlyceSDK-FullUI-Demo-Swift */ = {
			isa = PBXGroup;
			children = (
				B377736120A48E4F00540F7C /* SearchDetail */,
				B389A4BF209A0167003C0911 /* AppDelegate.swift */,
				B389A4C1209A0167003C0911 /* ViewController.swift */,
				B389A4C3209A0167003C0911 /* Main.storyboard */,
				B389A4C6209A0169003C0911 /* Assets.xcassets */,
				B389A4C8209A0169003C0911 /* LaunchScreen.storyboard */,
				B357A78820E6771200A844C0 /* Localizable.strings */,
				B389A4CB209A0169003C0911 /* Info.plist */,
			);
			path = "SlyceSDK-FullUI-Demo-Swift";
			sourceTree = "<group>";
		};
/* End PBXGroup section */

/* Begin PBXNativeTarget section */
		B389A4BB209A0167003C0911 /* SlyceSDK-FullUI-Demo-Swift */ = {
			isa = PBXNativeTarget;
			buildConfigurationList = B389A4CE209A0169003C0911 /* Build configuration list for PBXNativeTarget "SlyceSDK-FullUI-Demo-Swift" */;
			buildPhases = (
				B389A4B8209A0167003C0911 /* Sources */,
				B389A4B9209A0167003C0911 /* Frameworks */,
				B389A4BA209A0167003C0911 /* Resources */,
				B30676B5209A0247006DAE16 /* Remove Unnecessary Framework Architectures */,
				23B0ACED20B8A36100C5346C /* Embed Frameworks */,
			);
			buildRules = (
			);
			dependencies = (
			);
			name = "SlyceSDK-FullUI-Demo-Swift";
			productName = "SlyceSDK-FullUI-Demo-Swift";
			productReference = B389A4BC209A0167003C0911 /* SlyceSDK-FullUI-Demo-Swift.app */;
			productType = "com.apple.product-type.application";
		};
/* End PBXNativeTarget section */

/* Begin PBXProject section */
		B389A4B4209A0167003C0911 /* Project object */ = {
			isa = PBXProject;
			attributes = {
				LastSwiftUpdateCheck = 0930;
				LastUpgradeCheck = 0930;
				ORGANIZATIONNAME = "Slyce Inc.";
				TargetAttributes = {
					B389A4BB209A0167003C0911 = {
						CreatedOnToolsVersion = 9.3;
					};
				};
			};
			buildConfigurationList = B389A4B7209A0167003C0911 /* Build configuration list for PBXProject "SlyceSDK-FullUI-Demo-Swift" */;
			compatibilityVersion = "Xcode 9.3";
			developmentRegion = en;
			hasScannedForEncodings = 0;
			knownRegions = (
				en,
				Base,
			);
			mainGroup = B389A4B3209A0167003C0911;
			productRefGroup = B389A4BD209A0167003C0911 /* Products */;
			projectDirPath = "";
			projectRoot = "";
			targets = (
				B389A4BB209A0167003C0911 /* SlyceSDK-FullUI-Demo-Swift */,
			);
		};
/* End PBXProject section */

/* Begin PBXResourcesBuildPhase section */
		B389A4BA209A0167003C0911 /* Resources */ = {
			isa = PBXResourcesBuildPhase;
			buildActionMask = 2147483647;
			files = (
				B389A4CA209A0169003C0911 /* LaunchScreen.storyboard in Resources */,
				B357A78920E6771200A844C0 /* Localizable.strings in Resources */,
				B39449A62109FD2F00603B97 /* SearchDetailViewController.xib in Resources */,
				B389A4C7209A0169003C0911 /* Assets.xcassets in Resources */,
				B389A4C5209A0167003C0911 /* Main.storyboard in Resources */,
			);
			runOnlyForDeploymentPostprocessing = 0;
		};
/* End PBXResourcesBuildPhase section */

/* Begin PBXShellScriptBuildPhase section */
		B30676B5209A0247006DAE16 /* Remove Unnecessary Framework Architectures */ = {
			isa = PBXShellScriptBuildPhase;
			buildActionMask = 2147483647;
			files = (
			);
			inputPaths = (
			);
			name = "Remove Unnecessary Framework Architectures";
			outputPaths = (
			);
			runOnlyForDeploymentPostprocessing = 0;
			shellPath = /bin/sh;
			shellScript = "set -e\n\n# This script loops through the frameworks embedded in the application and\n# removes unused architectures.\n# Source: http://ikennd.ac/blog/2015/02/stripping-unwanted-architectures-from-dynamic-libraries-in-xcode/\n\nif [ -z ${XCODE_PRODUCT_BUILD_VERSION} ]; then\n    echo \"This script is intended to be called from an Xcode Run Script build phase.\"\n    exit 1\nfi\n\nAPP_PATH=\"${TARGET_BUILD_DIR}/${WRAPPER_NAME}\"\n\nfind \"$APP_PATH\" -name '*.framework' -type d | while read -r FRAMEWORK\ndo\n    FRAMEWORK_EXECUTABLE_NAME=$(defaults read \"$FRAMEWORK/Info.plist\" CFBundleExecutable)\n    FRAMEWORK_EXECUTABLE_PATH=\"$FRAMEWORK/$FRAMEWORK_EXECUTABLE_NAME\"\n    echo \"Executable is $FRAMEWORK_EXECUTABLE_PATH\"\n\n    EXTRACTED_ARCHS=()\n\n    for ARCH in $ARCHS\n    do\n        echo \"Extracting $ARCH from $FRAMEWORK_EXECUTABLE_NAME\"\n        lipo -extract \"$ARCH\" \"$FRAMEWORK_EXECUTABLE_PATH\" -o \"$FRAMEWORK_EXECUTABLE_PATH-$ARCH\"\n        EXTRACTED_ARCHS+=(\"$FRAMEWORK_EXECUTABLE_PATH-$ARCH\")\n    done\n\n    echo \"Merging extracted architectures: ${ARCHS}\"\n    lipo -o \"$FRAMEWORK_EXECUTABLE_PATH-merged\" -create \"${EXTRACTED_ARCHS[@]}\"\n    rm \"${EXTRACTED_ARCHS[@]}\"\n\n    echo \"Replacing original executable with thinned version\"\n    rm \"$FRAMEWORK_EXECUTABLE_PATH\"\n    mv \"$FRAMEWORK_EXECUTABLE_PATH-merged\" \"$FRAMEWORK_EXECUTABLE_PATH\"\n\ndone\n";
		};
/* End PBXShellScriptBuildPhase section */

/* Begin PBXSourcesBuildPhase section */
		B389A4B8209A0167003C0911 /* Sources */ = {
			isa = PBXSourcesBuildPhase;
			buildActionMask = 2147483647;
			files = (
				B39449A52109FD2F00603B97 /* SearchDetailViewController.swift in Sources */,
				B389A4C2209A0167003C0911 /* ViewController.swift in Sources */,
				B389A4C0209A0167003C0911 /* AppDelegate.swift in Sources */,
			);
			runOnlyForDeploymentPostprocessing = 0;
		};
/* End PBXSourcesBuildPhase section */

/* Begin PBXVariantGroup section */
		B389A4C3209A0167003C0911 /* Main.storyboard */ = {
			isa = PBXVariantGroup;
			children = (
				B389A4C4209A0167003C0911 /* Base */,
			);
			name = Main.storyboard;
			sourceTree = "<group>";
		};
		B389A4C8209A0169003C0911 /* LaunchScreen.storyboard */ = {
			isa = PBXVariantGroup;
			children = (
				B389A4C9209A0169003C0911 /* Base */,
			);
			name = LaunchScreen.storyboard;
			sourceTree = "<group>";
		};
/* End PBXVariantGroup section */

/* Begin XCBuildConfiguration section */
		B389A4CC209A0169003C0911 /* Debug */ = {
			isa = XCBuildConfiguration;
			buildSettings = {
				ALWAYS_SEARCH_USER_PATHS = NO;
				CLANG_ANALYZER_NONNULL = YES;
				CLANG_ANALYZER_NUMBER_OBJECT_CONVERSION = YES_AGGRESSIVE;
				CLANG_CXX_LANGUAGE_STANDARD = "gnu++14";
				CLANG_CXX_LIBRARY = "libc++";
				CLANG_ENABLE_MODULES = YES;
				CLANG_ENABLE_OBJC_ARC = YES;
				CLANG_ENABLE_OBJC_WEAK = YES;
				CLANG_WARN_BLOCK_CAPTURE_AUTORELEASING = YES;
				CLANG_WARN_BOOL_CONVERSION = YES;
				CLANG_WARN_COMMA = YES;
				CLANG_WARN_CONSTANT_CONVERSION = YES;
				CLANG_WARN_DEPRECATED_OBJC_IMPLEMENTATIONS = YES;
				CLANG_WARN_DIRECT_OBJC_ISA_USAGE = YES_ERROR;
				CLANG_WARN_DOCUMENTATION_COMMENTS = YES;
				CLANG_WARN_EMPTY_BODY = YES;
				CLANG_WARN_ENUM_CONVERSION = YES;
				CLANG_WARN_INFINITE_RECURSION = YES;
				CLANG_WARN_INT_CONVERSION = YES;
				CLANG_WARN_NON_LITERAL_NULL_CONVERSION = YES;
				CLANG_WARN_OBJC_IMPLICIT_RETAIN_SELF = YES;
				CLANG_WARN_OBJC_LITERAL_CONVERSION = YES;
				CLANG_WARN_OBJC_ROOT_CLASS = YES_ERROR;
				CLANG_WARN_RANGE_LOOP_ANALYSIS = YES;
				CLANG_WARN_STRICT_PROTOTYPES = YES;
				CLANG_WARN_SUSPICIOUS_MOVE = YES;
				CLANG_WARN_UNGUARDED_AVAILABILITY = YES_AGGRESSIVE;
				CLANG_WARN_UNREACHABLE_CODE = YES;
				CLANG_WARN__DUPLICATE_METHOD_MATCH = YES;
				CODE_SIGN_IDENTITY = "iPhone Developer";
				COPY_PHASE_STRIP = NO;
				DEBUG_INFORMATION_FORMAT = dwarf;
				ENABLE_STRICT_OBJC_MSGSEND = YES;
				ENABLE_TESTABILITY = YES;
				GCC_C_LANGUAGE_STANDARD = gnu11;
				GCC_DYNAMIC_NO_PIC = NO;
				GCC_NO_COMMON_BLOCKS = YES;
				GCC_OPTIMIZATION_LEVEL = 0;
				GCC_PREPROCESSOR_DEFINITIONS = (
					"DEBUG=1",
					"$(inherited)",
				);
				GCC_WARN_64_TO_32_BIT_CONVERSION = YES;
				GCC_WARN_ABOUT_RETURN_TYPE = YES_ERROR;
				GCC_WARN_UNDECLARED_SELECTOR = YES;
				GCC_WARN_UNINITIALIZED_AUTOS = YES_AGGRESSIVE;
				GCC_WARN_UNUSED_FUNCTION = YES;
				GCC_WARN_UNUSED_VARIABLE = YES;
				IPHONEOS_DEPLOYMENT_TARGET = 11.3;
				MTL_ENABLE_DEBUG_INFO = YES;
				ONLY_ACTIVE_ARCH = YES;
				SDKROOT = iphoneos;
				SWIFT_ACTIVE_COMPILATION_CONDITIONS = DEBUG;
				SWIFT_OPTIMIZATION_LEVEL = "-Onone";
			};
			name = Debug;
		};
		B389A4CD209A0169003C0911 /* Release */ = {
			isa = XCBuildConfiguration;
			buildSettings = {
				ALWAYS_SEARCH_USER_PATHS = NO;
				CLANG_ANALYZER_NONNULL = YES;
				CLANG_ANALYZER_NUMBER_OBJECT_CONVERSION = YES_AGGRESSIVE;
				CLANG_CXX_LANGUAGE_STANDARD = "gnu++14";
				CLANG_CXX_LIBRARY = "libc++";
				CLANG_ENABLE_MODULES = YES;
				CLANG_ENABLE_OBJC_ARC = YES;
				CLANG_ENABLE_OBJC_WEAK = YES;
				CLANG_WARN_BLOCK_CAPTURE_AUTORELEASING = YES;
				CLANG_WARN_BOOL_CONVERSION = YES;
				CLANG_WARN_COMMA = YES;
				CLANG_WARN_CONSTANT_CONVERSION = YES;
				CLANG_WARN_DEPRECATED_OBJC_IMPLEMENTATIONS = YES;
				CLANG_WARN_DIRECT_OBJC_ISA_USAGE = YES_ERROR;
				CLANG_WARN_DOCUMENTATION_COMMENTS = YES;
				CLANG_WARN_EMPTY_BODY = YES;
				CLANG_WARN_ENUM_CONVERSION = YES;
				CLANG_WARN_INFINITE_RECURSION = YES;
				CLANG_WARN_INT_CONVERSION = YES;
				CLANG_WARN_NON_LITERAL_NULL_CONVERSION = YES;
				CLANG_WARN_OBJC_IMPLICIT_RETAIN_SELF = YES;
				CLANG_WARN_OBJC_LITERAL_CONVERSION = YES;
				CLANG_WARN_OBJC_ROOT_CLASS = YES_ERROR;
				CLANG_WARN_RANGE_LOOP_ANALYSIS = YES;
				CLANG_WARN_STRICT_PROTOTYPES = YES;
				CLANG_WARN_SUSPICIOUS_MOVE = YES;
				CLANG_WARN_UNGUARDED_AVAILABILITY = YES_AGGRESSIVE;
				CLANG_WARN_UNREACHABLE_CODE = YES;
				CLANG_WARN__DUPLICATE_METHOD_MATCH = YES;
				CODE_SIGN_IDENTITY = "iPhone Developer";
				COPY_PHASE_STRIP = NO;
				DEBUG_INFORMATION_FORMAT = "dwarf-with-dsym";
				ENABLE_NS_ASSERTIONS = NO;
				ENABLE_STRICT_OBJC_MSGSEND = YES;
				GCC_C_LANGUAGE_STANDARD = gnu11;
				GCC_NO_COMMON_BLOCKS = YES;
				GCC_WARN_64_TO_32_BIT_CONVERSION = YES;
				GCC_WARN_ABOUT_RETURN_TYPE = YES_ERROR;
				GCC_WARN_UNDECLARED_SELECTOR = YES;
				GCC_WARN_UNINITIALIZED_AUTOS = YES_AGGRESSIVE;
				GCC_WARN_UNUSED_FUNCTION = YES;
				GCC_WARN_UNUSED_VARIABLE = YES;
				IPHONEOS_DEPLOYMENT_TARGET = 11.3;
				MTL_ENABLE_DEBUG_INFO = NO;
				SDKROOT = iphoneos;
				SWIFT_COMPILATION_MODE = wholemodule;
				SWIFT_OPTIMIZATION_LEVEL = "-O";
				VALIDATE_PRODUCT = YES;
			};
			name = Release;
		};
		B389A4CF209A0169003C0911 /* Debug */ = {
			isa = XCBuildConfiguration;
			buildSettings = {
				ASSETCATALOG_COMPILER_APPICON_NAME = AppIcon;
				CODE_SIGN_IDENTITY = "iPhone Developer";
				CODE_SIGN_STYLE = Automatic;
				DEVELOPMENT_TEAM = "";
				FRAMEWORK_SEARCH_PATHS = (
					"$(PROJECT_DIR)",
					"$(PROJECT_DIR)/SlyceSDK-FullUI-Demo-Swift",
					"$(PROJECT_DIR)/../../SlyceSDK",
				);
				INFOPLIST_FILE = "SlyceSDK-FullUI-Demo-Swift/Info.plist";
				IPHONEOS_DEPLOYMENT_TARGET = 9.3;
				LD_RUNPATH_SEARCH_PATHS = (
					"$(inherited)",
					"@executable_path/Frameworks",
				);
				PRODUCT_BUNDLE_IDENTIFIER = "it.slyce.SlyceSDK-FullUI-Demo-Swift";
				PRODUCT_NAME = "$(TARGET_NAME)";
				PROVISIONING_PROFILE_SPECIFIER = "";
				SWIFT_VERSION = 4.0;
				TARGETED_DEVICE_FAMILY = 1;
			};
			name = Debug;
		};
		B389A4D0209A0169003C0911 /* Release */ = {
			isa = XCBuildConfiguration;
			buildSettings = {
				ASSETCATALOG_COMPILER_APPICON_NAME = AppIcon;
				CODE_SIGN_IDENTITY = "iPhone Developer";
				CODE_SIGN_STYLE = Automatic;
				DEVELOPMENT_TEAM = "";
				FRAMEWORK_SEARCH_PATHS = (
					"$(PROJECT_DIR)",
					"$(PROJECT_DIR)/SlyceSDK-FullUI-Demo-Swift",
					"$(PROJECT_DIR)/../../SlyceSDK",
				);
				INFOPLIST_FILE = "SlyceSDK-FullUI-Demo-Swift/Info.plist";
				IPHONEOS_DEPLOYMENT_TARGET = 9.3;
				LD_RUNPATH_SEARCH_PATHS = (
					"$(inherited)",
					"@executable_path/Frameworks",
				);
				PRODUCT_BUNDLE_IDENTIFIER = "it.slyce.SlyceSDK-FullUI-Demo-Swift";
				PRODUCT_NAME = "$(TARGET_NAME)";
				PROVISIONING_PROFILE_SPECIFIER = "";
				SWIFT_VERSION = 4.0;
				TARGETED_DEVICE_FAMILY = 1;
			};
			name = Release;
		};
/* End XCBuildConfiguration section */

/* Begin XCConfigurationList section */
		B389A4B7209A0167003C0911 /* Build configuration list for PBXProject "SlyceSDK-FullUI-Demo-Swift" */ = {
			isa = XCConfigurationList;
			buildConfigurations = (
				B389A4CC209A0169003C0911 /* Debug */,
				B389A4CD209A0169003C0911 /* Release */,
			);
			defaultConfigurationIsVisible = 0;
			defaultConfigurationName = Release;
		};
		B389A4CE209A0169003C0911 /* Build configuration list for PBXNativeTarget "SlyceSDK-FullUI-Demo-Swift" */ = {
			isa = XCConfigurationList;
			buildConfigurations = (
				B389A4CF209A0169003C0911 /* Debug */,
				B389A4D0209A0169003C0911 /* Release */,
			);
			defaultConfigurationIsVisible = 0;
			defaultConfigurationName = Release;
		};
/* End XCConfigurationList section */
	};
	rootObject = B389A4B4209A0167003C0911 /* Project object */;
}
