// !$*UTF8*$!
{
	archiveVersion = 1;
	classes = {
	};
	objectVersion = 46;
	objects = {

/* Begin PBXBuildFile section */
		D70484F31C87165E001D75E5 /* AppDelegate.swift in Sources */ = {isa = PBXBuildFile; fileRef = D70484F21C87165E001D75E5 /* AppDelegate.swift */; };
		D70484F51C87165E001D75E5 /* MyViewController.swift in Sources */ = {isa = PBXBuildFile; fileRef = D70484F41C87165E001D75E5 /* MyViewController.swift */; };
		D70484F81C87165E001D75E5 /* Main.storyboard in Resources */ = {isa = PBXBuildFile; fileRef = D70484F61C87165E001D75E5 /* Main.storyboard */; };
		D70484FA1C87165E001D75E5 /* Assets.xcassets in Resources */ = {isa = PBXBuildFile; fileRef = D70484F91C87165E001D75E5 /* Assets.xcassets */; };
		D70484FD1C87165E001D75E5 /* LaunchScreen.storyboard in Resources */ = {isa = PBXBuildFile; fileRef = D70484FB1C87165E001D75E5 /* LaunchScreen.storyboard */; };
		D70485181C87223E001D75E5 /* libicucore.tbd in Frameworks */ = {isa = PBXBuildFile; fileRef = D70485171C87223E001D75E5 /* libicucore.tbd */; };
		D72A1D491DD4B42E00140D71 /* SlyceSDK.bundle in Resources */ = {isa = PBXBuildFile; fileRef = D72A1D471DD4B42E00140D71 /* SlyceSDK.bundle */; };
		D72A1D4A1DD4B42E00140D71 /* SlyceSDK.framework in Frameworks */ = {isa = PBXBuildFile; fileRef = D72A1D481DD4B42E00140D71 /* SlyceSDK.framework */; };
		D731001F1D8AE81C0081C7AE /* shoe.jpg in Resources */ = {isa = PBXBuildFile; fileRef = D731001E1D8AE81C0081C7AE /* shoe.jpg */; };
		D731005D1D8E90320081C7AE /* slyce-logo.png in Resources */ = {isa = PBXBuildFile; fileRef = D731005C1D8E90320081C7AE /* slyce-logo.png */; };
		D7FAF9911D644735002CA802 /* MyCameraViewController.swift in Sources */ = {isa = PBXBuildFile; fileRef = D7FAF9901D644735002CA802 /* MyCameraViewController.swift */; };
		D7FAF9931D644758002CA802 /* MyProductsViewController.swift in Sources */ = {isa = PBXBuildFile; fileRef = D7FAF9921D644758002CA802 /* MyProductsViewController.swift */; };
		D7FAF9971D646157002CA802 /* MyProductCollectionViewCell.swift in Sources */ = {isa = PBXBuildFile; fileRef = D7FAF9961D646157002CA802 /* MyProductCollectionViewCell.swift */; };
		D7FAF99A1D648CD1002CA802 /* MBProgressHUD.m in Sources */ = {isa = PBXBuildFile; fileRef = D7FAF9991D648CD1002CA802 /* MBProgressHUD.m */; };
/* End PBXBuildFile section */

/* Begin PBXFileReference section */
		D70484EF1C87165E001D75E5 /* SlyceSDKSwift.app */ = {isa = PBXFileReference; explicitFileType = wrapper.application; includeInIndex = 0; path = SlyceSDKSwift.app; sourceTree = BUILT_PRODUCTS_DIR; };
		D70484F21C87165E001D75E5 /* AppDelegate.swift */ = {isa = PBXFileReference; lastKnownFileType = sourcecode.swift; path = AppDelegate.swift; sourceTree = "<group>"; };
		D70484F41C87165E001D75E5 /* MyViewController.swift */ = {isa = PBXFileReference; lastKnownFileType = sourcecode.swift; path = MyViewController.swift; sourceTree = "<group>"; };
		D70484F71C87165E001D75E5 /* Base */ = {isa = PBXFileReference; lastKnownFileType = file.storyboard; name = Base; path = Base.lproj/Main.storyboard; sourceTree = "<group>"; };
		D70484F91C87165E001D75E5 /* Assets.xcassets */ = {isa = PBXFileReference; lastKnownFileType = folder.assetcatalog; path = Assets.xcassets; sourceTree = "<group>"; };
		D70484FC1C87165E001D75E5 /* Base */ = {isa = PBXFileReference; lastKnownFileType = file.storyboard; name = Base; path = Base.lproj/LaunchScreen.storyboard; sourceTree = "<group>"; };
		D70484FE1C87165E001D75E5 /* Info.plist */ = {isa = PBXFileReference; lastKnownFileType = text.plist.xml; path = Info.plist; sourceTree = "<group>"; };
		D70485161C8716D9001D75E5 /* Bridging-Header.h */ = {isa = PBXFileReference; fileEncoding = 4; lastKnownFileType = sourcecode.c.h; path = "Bridging-Header.h"; sourceTree = "<group>"; };
		D70485171C87223E001D75E5 /* libicucore.tbd */ = {isa = PBXFileReference; lastKnownFileType = "sourcecode.text-based-dylib-definition"; name = libicucore.tbd; path = usr/lib/libicucore.tbd; sourceTree = SDKROOT; };
		D72A1D471DD4B42E00140D71 /* SlyceSDK.bundle */ = {isa = PBXFileReference; lastKnownFileType = "wrapper.plug-in"; path = SlyceSDK.bundle; sourceTree = "<group>"; };
		D72A1D481DD4B42E00140D71 /* SlyceSDK.framework */ = {isa = PBXFileReference; lastKnownFileType = wrapper.framework; path = SlyceSDK.framework; sourceTree = "<group>"; };
		D731001E1D8AE81C0081C7AE /* shoe.jpg */ = {isa = PBXFileReference; lastKnownFileType = image.jpeg; path = shoe.jpg; sourceTree = "<group>"; };
		D731005C1D8E90320081C7AE /* slyce-logo.png */ = {isa = PBXFileReference; lastKnownFileType = image.png; path = "slyce-logo.png"; sourceTree = "<group>"; };
		D7FAF9901D644735002CA802 /* MyCameraViewController.swift */ = {isa = PBXFileReference; fileEncoding = 4; lastKnownFileType = sourcecode.swift; path = MyCameraViewController.swift; sourceTree = "<group>"; };
		D7FAF9921D644758002CA802 /* MyProductsViewController.swift */ = {isa = PBXFileReference; fileEncoding = 4; lastKnownFileType = sourcecode.swift; path = MyProductsViewController.swift; sourceTree = "<group>"; };
		D7FAF9961D646157002CA802 /* MyProductCollectionViewCell.swift */ = {isa = PBXFileReference; fileEncoding = 4; lastKnownFileType = sourcecode.swift; path = MyProductCollectionViewCell.swift; sourceTree = "<group>"; };
		D7FAF9981D648CD1002CA802 /* MBProgressHUD.h */ = {isa = PBXFileReference; fileEncoding = 4; lastKnownFileType = sourcecode.c.h; path = MBProgressHUD.h; sourceTree = "<group>"; };
		D7FAF9991D648CD1002CA802 /* MBProgressHUD.m */ = {isa = PBXFileReference; fileEncoding = 4; lastKnownFileType = sourcecode.c.objc; path = MBProgressHUD.m; sourceTree = "<group>"; };
/* End PBXFileReference section */

/* Begin PBXFrameworksBuildPhase section */
		D70484EC1C87165D001D75E5 /* Frameworks */ = {
			isa = PBXFrameworksBuildPhase;
			buildActionMask = 2147483647;
			files = (
				D72A1D4A1DD4B42E00140D71 /* SlyceSDK.framework in Frameworks */,
				D70485181C87223E001D75E5 /* libicucore.tbd in Frameworks */,
			);
			runOnlyForDeploymentPostprocessing = 0;
		};
/* End PBXFrameworksBuildPhase section */

/* Begin PBXGroup section */
		D70484E61C87165D001D75E5 = {
			isa = PBXGroup;
			children = (
				D72A1D471DD4B42E00140D71 /* SlyceSDK.bundle */,
				D72A1D481DD4B42E00140D71 /* SlyceSDK.framework */,
				D70485171C87223E001D75E5 /* libicucore.tbd */,
				D70484F11C87165E001D75E5 /* SlyceSDKSwift */,
				D70484F01C87165E001D75E5 /* Products */,
			);
			sourceTree = "<group>";
		};
		D70484F01C87165E001D75E5 /* Products */ = {
			isa = PBXGroup;
			children = (
				D70484EF1C87165E001D75E5 /* SlyceSDKSwift.app */,
			);
			name = Products;
			sourceTree = "<group>";
		};
		D70484F11C87165E001D75E5 /* SlyceSDKSwift */ = {
			isa = PBXGroup;
			children = (
				D731001E1D8AE81C0081C7AE /* shoe.jpg */,
				D70485161C8716D9001D75E5 /* Bridging-Header.h */,
				D7FAF99B1D648CE2002CA802 /* MBProgressHUD */,
				D70484F21C87165E001D75E5 /* AppDelegate.swift */,
				D70484F41C87165E001D75E5 /* MyViewController.swift */,
				D7FAF9901D644735002CA802 /* MyCameraViewController.swift */,
				D7FAF9921D644758002CA802 /* MyProductsViewController.swift */,
				D7FAF9961D646157002CA802 /* MyProductCollectionViewCell.swift */,
				D70484F61C87165E001D75E5 /* Main.storyboard */,
				D731005C1D8E90320081C7AE /* slyce-logo.png */,
				D70484F91C87165E001D75E5 /* Assets.xcassets */,
				D70484FB1C87165E001D75E5 /* LaunchScreen.storyboard */,
				D70484FE1C87165E001D75E5 /* Info.plist */,
			);
			path = SlyceSDKSwift;
			sourceTree = "<group>";
		};
		D7FAF99B1D648CE2002CA802 /* MBProgressHUD */ = {
			isa = PBXGroup;
			children = (
				D7FAF9981D648CD1002CA802 /* MBProgressHUD.h */,
				D7FAF9991D648CD1002CA802 /* MBProgressHUD.m */,
			);
			name = MBProgressHUD;
			sourceTree = "<group>";
		};
/* End PBXGroup section */

/* Begin PBXNativeTarget section */
		D70484EE1C87165D001D75E5 /* SlyceSDKSwift */ = {
			isa = PBXNativeTarget;
			buildConfigurationList = D704850C1C87165E001D75E5 /* Build configuration list for PBXNativeTarget "SlyceSDKSwift" */;
			buildPhases = (
				D70484EB1C87165D001D75E5 /* Sources */,
				D70484EC1C87165D001D75E5 /* Frameworks */,
				D70484ED1C87165D001D75E5 /* Resources */,
			);
			buildRules = (
			);
			dependencies = (
			);
			name = SlyceSDKSwift;
			productName = SlyceSDKSwift;
			productReference = D70484EF1C87165E001D75E5 /* SlyceSDKSwift.app */;
			productType = "com.apple.product-type.application";
		};
/* End PBXNativeTarget section */

/* Begin PBXProject section */
		D70484E71C87165D001D75E5 /* Project object */ = {
			isa = PBXProject;
			attributes = {
				LastSwiftUpdateCheck = 0720;
				LastUpgradeCheck = 0720;
				ORGANIZATIONNAME = "Slyce inc.";
				TargetAttributes = {
					D70484EE1C87165D001D75E5 = {
						CreatedOnToolsVersion = 7.2.1;
						DevelopmentTeam = Q5F56GDW4P;
					};
				};
			};
			buildConfigurationList = D70484EA1C87165D001D75E5 /* Build configuration list for PBXProject "SlyceSDKSwift" */;
			compatibilityVersion = "Xcode 3.2";
			developmentRegion = English;
			hasScannedForEncodings = 0;
			knownRegions = (
				en,
				Base,
			);
			mainGroup = D70484E61C87165D001D75E5;
			productRefGroup = D70484F01C87165E001D75E5 /* Products */;
			projectDirPath = "";
			projectRoot = "";
			targets = (
				D70484EE1C87165D001D75E5 /* SlyceSDKSwift */,
			);
		};
/* End PBXProject section */

/* Begin PBXResourcesBuildPhase section */
		D70484ED1C87165D001D75E5 /* Resources */ = {
			isa = PBXResourcesBuildPhase;
			buildActionMask = 2147483647;
			files = (
				D70484FD1C87165E001D75E5 /* LaunchScreen.storyboard in Resources */,
				D731001F1D8AE81C0081C7AE /* shoe.jpg in Resources */,
				D70484FA1C87165E001D75E5 /* Assets.xcassets in Resources */,
				D72A1D491DD4B42E00140D71 /* SlyceSDK.bundle in Resources */,
				D731005D1D8E90320081C7AE /* slyce-logo.png in Resources */,
				D70484F81C87165E001D75E5 /* Main.storyboard in Resources */,
			);
			runOnlyForDeploymentPostprocessing = 0;
		};
/* End PBXResourcesBuildPhase section */

/* Begin PBXSourcesBuildPhase section */
		D70484EB1C87165D001D75E5 /* Sources */ = {
			isa = PBXSourcesBuildPhase;
			buildActionMask = 2147483647;
			files = (
				D7FAF9911D644735002CA802 /* MyCameraViewController.swift in Sources */,
				D7FAF99A1D648CD1002CA802 /* MBProgressHUD.m in Sources */,
				D70484F51C87165E001D75E5 /* MyViewController.swift in Sources */,
				D7FAF9931D644758002CA802 /* MyProductsViewController.swift in Sources */,
				D70484F31C87165E001D75E5 /* AppDelegate.swift in Sources */,
				D7FAF9971D646157002CA802 /* MyProductCollectionViewCell.swift in Sources */,
			);
			runOnlyForDeploymentPostprocessing = 0;
		};
/* End PBXSourcesBuildPhase section */

/* Begin PBXVariantGroup section */
		D70484F61C87165E001D75E5 /* Main.storyboard */ = {
			isa = PBXVariantGroup;
			children = (
				D70484F71C87165E001D75E5 /* Base */,
			);
			name = Main.storyboard;
			sourceTree = "<group>";
		};
		D70484FB1C87165E001D75E5 /* LaunchScreen.storyboard */ = {
			isa = PBXVariantGroup;
			children = (
				D70484FC1C87165E001D75E5 /* Base */,
			);
			name = LaunchScreen.storyboard;
			sourceTree = "<group>";
		};
/* End PBXVariantGroup section */

/* Begin XCBuildConfiguration section */
		D704850A1C87165E001D75E5 /* Debug */ = {
			isa = XCBuildConfiguration;
			buildSettings = {
				ALWAYS_SEARCH_USER_PATHS = NO;
				CLANG_CXX_LANGUAGE_STANDARD = "gnu++0x";
				CLANG_CXX_LIBRARY = "libc++";
				CLANG_ENABLE_MODULES = YES;
				CLANG_ENABLE_OBJC_ARC = YES;
				CLANG_WARN_BOOL_CONVERSION = YES;
				CLANG_WARN_CONSTANT_CONVERSION = YES;
				CLANG_WARN_DIRECT_OBJC_ISA_USAGE = YES_ERROR;
				CLANG_WARN_EMPTY_BODY = YES;
				CLANG_WARN_ENUM_CONVERSION = YES;
				CLANG_WARN_INT_CONVERSION = YES;
				CLANG_WARN_OBJC_ROOT_CLASS = YES_ERROR;
				CLANG_WARN_UNREACHABLE_CODE = YES;
				CLANG_WARN__DUPLICATE_METHOD_MATCH = YES;
				"CODE_SIGN_IDENTITY[sdk=iphoneos*]" = "iPhone Developer";
				COPY_PHASE_STRIP = NO;
				DEBUG_INFORMATION_FORMAT = dwarf;
				ENABLE_STRICT_OBJC_MSGSEND = YES;
				ENABLE_TESTABILITY = YES;
				GCC_C_LANGUAGE_STANDARD = gnu99;
				GCC_DYNAMIC_NO_PIC = NO;
				GCC_NO_COMMON_BLOCKS = YES;
				GCC_OPTIMIZATION_LEVEL = 0;
				GCC_PREPROCESSOR_DEFINITIONS = (
					"DEBUG=1",
					"$(inherited)",
				);
				GCC_WARN_64_TO_32_BIT_CONVERSION = YES;
				GCC_WARN_ABOUT_RETURN_TYPE = YES_ERROR;
				GCC_WARN_UNDECLARED_SELECTOR = YES;
				GCC_WARN_UNINITIALIZED_AUTOS = YES_AGGRESSIVE;
				GCC_WARN_UNUSED_FUNCTION = YES;
				GCC_WARN_UNUSED_VARIABLE = YES;
				IPHONEOS_DEPLOYMENT_TARGET = 9.2;
				MTL_ENABLE_DEBUG_INFO = YES;
				ONLY_ACTIVE_ARCH = YES;
				SDKROOT = iphoneos;
				SWIFT_OPTIMIZATION_LEVEL = "-Onone";
				TARGETED_DEVICE_FAMILY = "1,2";
			};
			name = Debug;
		};
		D704850B1C87165E001D75E5 /* Release */ = {
			isa = XCBuildConfiguration;
			buildSettings = {
				ALWAYS_SEARCH_USER_PATHS = NO;
				CLANG_CXX_LANGUAGE_STANDARD = "gnu++0x";
				CLANG_CXX_LIBRARY = "libc++";
				CLANG_ENABLE_MODULES = YES;
				CLANG_ENABLE_OBJC_ARC = YES;
				CLANG_WARN_BOOL_CONVERSION = YES;
				CLANG_WARN_CONSTANT_CONVERSION = YES;
				CLANG_WARN_DIRECT_OBJC_ISA_USAGE = YES_ERROR;
				CLANG_WARN_EMPTY_BODY = YES;
				CLANG_WARN_ENUM_CONVERSION = YES;
				CLANG_WARN_INT_CONVERSION = YES;
				CLANG_WARN_OBJC_ROOT_CLASS = YES_ERROR;
				CLANG_WARN_UNREACHABLE_CODE = YES;
				CLANG_WARN__DUPLICATE_METHOD_MATCH = YES;
				"CODE_SIGN_IDENTITY[sdk=iphoneos*]" = "iPhone Developer";
				COPY_PHASE_STRIP = NO;
				DEBUG_INFORMATION_FORMAT = "dwarf-with-dsym";
				ENABLE_NS_ASSERTIONS = NO;
				ENABLE_STRICT_OBJC_MSGSEND = YES;
				GCC_C_LANGUAGE_STANDARD = gnu99;
				GCC_NO_COMMON_BLOCKS = YES;
				GCC_WARN_64_TO_32_BIT_CONVERSION = YES;
				GCC_WARN_ABOUT_RETURN_TYPE = YES_ERROR;
				GCC_WARN_UNDECLARED_SELECTOR = YES;
				GCC_WARN_UNINITIALIZED_AUTOS = YES_AGGRESSIVE;
				GCC_WARN_UNUSED_FUNCTION = YES;
				GCC_WARN_UNUSED_VARIABLE = YES;
				IPHONEOS_DEPLOYMENT_TARGET = 9.2;
				MTL_ENABLE_DEBUG_INFO = NO;
				SDKROOT = iphoneos;
				TARGETED_DEVICE_FAMILY = "1,2";
				VALIDATE_PRODUCT = YES;
			};
			name = Release;
		};
		D704850D1C87165E001D75E5 /* Debug */ = {
			isa = XCBuildConfiguration;
			buildSettings = {
				ASSETCATALOG_COMPILER_APPICON_NAME = AppIcon;
				CODE_SIGN_IDENTITY = "iPhone Developer";
				DEVELOPMENT_TEAM = Q5F56GDW4P;
				ENABLE_BITCODE = NO;
				FRAMEWORK_SEARCH_PATHS = (
					"$(inherited)",
					"$(PROJECT_DIR)",
				);
				INFOPLIST_FILE = SlyceSDKSwift/Info.plist;
				IPHONEOS_DEPLOYMENT_TARGET = 8.0;
				LD_RUNPATH_SEARCH_PATHS = "$(inherited) @executable_path/Frameworks";
				OTHER_LDFLAGS = "-ObjC";
				PRODUCT_BUNDLE_IDENTIFIER = slyce.SlyceSDKSwift;
				PRODUCT_NAME = "$(TARGET_NAME)";
				SWIFT_OBJC_BRIDGING_HEADER = "SlyceSDKSwift/Bridging-Header.h";
				SWIFT_VERSION = 2.3;
			};
			name = Debug;
		};
		D704850E1C87165E001D75E5 /* Release */ = {
			isa = XCBuildConfiguration;
			buildSettings = {
				ASSETCATALOG_COMPILER_APPICON_NAME = AppIcon;
				CODE_SIGN_IDENTITY = "iPhone Developer";
				DEVELOPMENT_TEAM = Q5F56GDW4P;
				ENABLE_BITCODE = NO;
				FRAMEWORK_SEARCH_PATHS = (
					"$(inherited)",
					"$(PROJECT_DIR)",
				);
				INFOPLIST_FILE = SlyceSDKSwift/Info.plist;
				IPHONEOS_DEPLOYMENT_TARGET = 8.0;
				LD_RUNPATH_SEARCH_PATHS = "$(inherited) @executable_path/Frameworks";
				OTHER_LDFLAGS = "-ObjC";
				PRODUCT_BUNDLE_IDENTIFIER = slyce.SlyceSDKSwift;
				PRODUCT_NAME = "$(TARGET_NAME)";
				SWIFT_OBJC_BRIDGING_HEADER = "SlyceSDKSwift/Bridging-Header.h";
				SWIFT_VERSION = 2.3;
			};
			name = Release;
		};
/* End XCBuildConfiguration section */

/* Begin XCConfigurationList section */
		D70484EA1C87165D001D75E5 /* Build configuration list for PBXProject "SlyceSDKSwift" */ = {
			isa = XCConfigurationList;
			buildConfigurations = (
				D704850A1C87165E001D75E5 /* Debug */,
				D704850B1C87165E001D75E5 /* Release */,
			);
			defaultConfigurationIsVisible = 0;
			defaultConfigurationName = Release;
		};
		D704850C1C87165E001D75E5 /* Build configuration list for PBXNativeTarget "SlyceSDKSwift" */ = {
			isa = XCConfigurationList;
			buildConfigurations = (
				D704850D1C87165E001D75E5 /* Debug */,
				D704850E1C87165E001D75E5 /* Release */,
			);
			defaultConfigurationIsVisible = 0;
			defaultConfigurationName = Release;
		};
/* End XCConfigurationList section */
	};
	rootObject = D70484E71C87165D001D75E5 /* Project object */;
}
